
Microsoft Visual Studio Solution File, Format Version 12.00
# Visual Studio Version 16
VisualStudioVersion = 16.0.31624.102
MinimumVisualStudioVersion = 10.0.40219.1
Project("{8BC9CEB8-8B4A-11D0-8D11-00A0C91BC942}") = "lab1_MemoryManagment", "lab1_MemoryManagment\lab1_MemoryManagment.vcxproj", "{F4AA956D-F639-427E-9B9C-EDC4F2268E1F}"
EndProject
Project("{8BC9CEB8-8B4A-11D0-8D11-00A0C91BC942}") = "lab2_ClassesAndObjectsEncapsulationOperators", "lab2_ClassesAndObjectsEncapsulationOperators\lab2_ClassesAndObjectsEncapsulationOperators.vcxproj", "{1407C3A2-8341-4DAB-8C66-6825E7BBB192}"
EndProject
Project("{8BC9CEB8-8B4A-11D0-8D11-00A0C91BC942}") = "lab3_InheritancePolymorphismInterfaces", "lab3_InheritancePolymorphismInterfaces\lab3_InheritancePolymorphismInterfaces.vcxproj", "{E0B90C94-9370-42DF-9DC6-D0DBD5ACD410}"
EndProject
Project("{8BC9CEB8-8B4A-11D0-8D11-00A0C91BC942}") = "lab4_AggregationExceptionsBlackjack", "lab4_AggregationExceptionsBlackjack\lab4_AggregationExceptionsBlackjack.vcxproj", "{682BFBAD-73CF-47CD-AD7D-9A4D754DA28F}"
EndProject
Project("{8BC9CEB8-8B4A-11D0-8D11-00A0C91BC942}") = "lab4_tests", "lab4_tests\lab4_tests.vcxproj", "{E7EDFA9A-0519-444B-839B-A871E69ECF90}"
EndProject
Project("{8BC9CEB8-8B4A-11D0-8D11-00A0C91BC942}") = "lab5_TemplatesSTL", "lab5_TemplatesSTL\lab5_TemplatesSTL.vcxproj", "{D436555C-9E31-417C-8657-20A4752B1E26}"
EndProject
Project("{2150E333-8FDC-42A3-9474-1A3956D46DE8}") = "Fall semester 2021", "Fall semester 2021", "{0E9B278D-1AFC-4AA4-82C5-7E8D0B9D5E78}"
EndProject
Project("{2150E333-8FDC-42A3-9474-1A3956D46DE8}") = "Spring semester 2022", "Spring semester 2022", "{E9C09E08-E7ED-41E2-881B-A7D6A347C75E}"
EndProject
Project("{888888A0-9F3D-457C-B088-3A5042F75D52}") = "lab1_PythonBasics", "lab1_PythonBasics\lab1_PythonBasics.pyproj", "{CAF3B318-8D3C-490C-81D5-3BAFBD19BFB4}"
EndProject
Global
	GlobalSection(SolutionConfigurationPlatforms) = preSolution
		Debug|Any CPU = Debug|Any CPU
		Debug|x64 = Debug|x64
		Debug|x86 = Debug|x86
		Release|Any CPU = Release|Any CPU
		Release|x64 = Release|x64
		Release|x86 = Release|x86
	EndGlobalSection
	GlobalSection(ProjectConfigurationPlatforms) = postSolution
		{F4AA956D-F639-427E-9B9C-EDC4F2268E1F}.Debug|Any CPU.ActiveCfg = Debug|Win32
		{F4AA956D-F639-427E-9B9C-EDC4F2268E1F}.Debug|x64.ActiveCfg = Debug|x64
		{F4AA956D-F639-427E-9B9C-EDC4F2268E1F}.Debug|x64.Build.0 = Debug|x64
		{F4AA956D-F639-427E-9B9C-EDC4F2268E1F}.Debug|x86.ActiveCfg = Debug|Win32
		{F4AA956D-F639-427E-9B9C-EDC4F2268E1F}.Debug|x86.Build.0 = Debug|Win32
		{F4AA956D-F639-427E-9B9C-EDC4F2268E1F}.Release|Any CPU.ActiveCfg = Release|Win32
		{F4AA956D-F639-427E-9B9C-EDC4F2268E1F}.Release|x64.ActiveCfg = Release|x64
		{F4AA956D-F639-427E-9B9C-EDC4F2268E1F}.Release|x64.Build.0 = Release|x64
		{F4AA956D-F639-427E-9B9C-EDC4F2268E1F}.Release|x86.ActiveCfg = Release|Win32
		{F4AA956D-F639-427E-9B9C-EDC4F2268E1F}.Release|x86.Build.0 = Release|Win32
		{1407C3A2-8341-4DAB-8C66-6825E7BBB192}.Debug|Any CPU.ActiveCfg = Debug|Win32
		{1407C3A2-8341-4DAB-8C66-6825E7BBB192}.Debug|x64.ActiveCfg = Debug|x64
		{1407C3A2-8341-4DAB-8C66-6825E7BBB192}.Debug|x64.Build.0 = Debug|x64
		{1407C3A2-8341-4DAB-8C66-6825E7BBB192}.Debug|x86.ActiveCfg = Debug|Win32
		{1407C3A2-8341-4DAB-8C66-6825E7BBB192}.Debug|x86.Build.0 = Debug|Win32
		{1407C3A2-8341-4DAB-8C66-6825E7BBB192}.Release|Any CPU.ActiveCfg = Release|Win32
		{1407C3A2-8341-4DAB-8C66-6825E7BBB192}.Release|x64.ActiveCfg = Release|x64
		{1407C3A2-8341-4DAB-8C66-6825E7BBB192}.Release|x64.Build.0 = Release|x64
		{1407C3A2-8341-4DAB-8C66-6825E7BBB192}.Release|x86.ActiveCfg = Release|Win32
		{1407C3A2-8341-4DAB-8C66-6825E7BBB192}.Release|x86.Build.0 = Release|Win32
		{E0B90C94-9370-42DF-9DC6-D0DBD5ACD410}.Debug|Any CPU.ActiveCfg = Debug|Win32
		{E0B90C94-9370-42DF-9DC6-D0DBD5ACD410}.Debug|x64.ActiveCfg = Debug|x64
		{E0B90C94-9370-42DF-9DC6-D0DBD5ACD410}.Debug|x64.Build.0 = Debug|x64
		{E0B90C94-9370-42DF-9DC6-D0DBD5ACD410}.Debug|x86.ActiveCfg = Debug|Win32
		{E0B90C94-9370-42DF-9DC6-D0DBD5ACD410}.Debug|x86.Build.0 = Debug|Win32
		{E0B90C94-9370-42DF-9DC6-D0DBD5ACD410}.Release|Any CPU.ActiveCfg = Release|Win32
		{E0B90C94-9370-42DF-9DC6-D0DBD5ACD410}.Release|x64.ActiveCfg = Release|x64
		{E0B90C94-9370-42DF-9DC6-D0DBD5ACD410}.Release|x64.Build.0 = Release|x64
		{E0B90C94-9370-42DF-9DC6-D0DBD5ACD410}.Release|x86.ActiveCfg = Release|Win32
		{E0B90C94-9370-42DF-9DC6-D0DBD5ACD410}.Release|x86.Build.0 = Release|Win32
		{682BFBAD-73CF-47CD-AD7D-9A4D754DA28F}.Debug|Any CPU.ActiveCfg = Debug|Win32
		{682BFBAD-73CF-47CD-AD7D-9A4D754DA28F}.Debug|x64.ActiveCfg = Debug|x64
		{682BFBAD-73CF-47CD-AD7D-9A4D754DA28F}.Debug|x64.Build.0 = Debug|x64
		{682BFBAD-73CF-47CD-AD7D-9A4D754DA28F}.Debug|x86.ActiveCfg = Debug|Win32
		{682BFBAD-73CF-47CD-AD7D-9A4D754DA28F}.Debug|x86.Build.0 = Debug|Win32
		{682BFBAD-73CF-47CD-AD7D-9A4D754DA28F}.Release|Any CPU.ActiveCfg = Release|Win32
		{682BFBAD-73CF-47CD-AD7D-9A4D754DA28F}.Release|x64.ActiveCfg = Release|x64
		{682BFBAD-73CF-47CD-AD7D-9A4D754DA28F}.Release|x64.Build.0 = Release|x64
		{682BFBAD-73CF-47CD-AD7D-9A4D754DA28F}.Release|x86.ActiveCfg = Release|Win32
		{682BFBAD-73CF-47CD-AD7D-9A4D754DA28F}.Release|x86.Build.0 = Release|Win32
		{E7EDFA9A-0519-444B-839B-A871E69ECF90}.Debug|Any CPU.ActiveCfg = Debug|Win32
		{E7EDFA9A-0519-444B-839B-A871E69ECF90}.Debug|x64.ActiveCfg = Debug|x64
		{E7EDFA9A-0519-444B-839B-A871E69ECF90}.Debug|x64.Build.0 = Debug|x64
		{E7EDFA9A-0519-444B-839B-A871E69ECF90}.Debug|x86.ActiveCfg = Debug|Win32
		{E7EDFA9A-0519-444B-839B-A871E69ECF90}.Debug|x86.Build.0 = Debug|Win32
		{E7EDFA9A-0519-444B-839B-A871E69ECF90}.Release|Any CPU.ActiveCfg = Release|Win32
		{E7EDFA9A-0519-444B-839B-A871E69ECF90}.Release|x64.ActiveCfg = Release|x64
		{E7EDFA9A-0519-444B-839B-A871E69ECF90}.Release|x64.Build.0 = Release|x64
		{E7EDFA9A-0519-444B-839B-A871E69ECF90}.Release|x86.ActiveCfg = Release|Win32
		{E7EDFA9A-0519-444B-839B-A871E69ECF90}.Release|x86.Build.0 = Release|Win32
		{D436555C-9E31-417C-8657-20A4752B1E26}.Debug|Any CPU.ActiveCfg = Debug|Win32
		{D436555C-9E31-417C-8657-20A4752B1E26}.Debug|x64.ActiveCfg = Debug|x64
		{D436555C-9E31-417C-8657-20A4752B1E26}.Debug|x64.Build.0 = Debug|x64
		{D436555C-9E31-417C-8657-20A4752B1E26}.Debug|x86.ActiveCfg = Debug|Win32
		{D436555C-9E31-417C-8657-20A4752B1E26}.Debug|x86.Build.0 = Debug|Win32
		{D436555C-9E31-417C-8657-20A4752B1E26}.Release|Any CPU.ActiveCfg = Release|Win32
		{D436555C-9E31-417C-8657-20A4752B1E26}.Release|x64.ActiveCfg = Release|x64
		{D436555C-9E31-417C-8657-20A4752B1E26}.Release|x64.Build.0 = Release|x64
		{D436555C-9E31-417C-8657-20A4752B1E26}.Release|x86.ActiveCfg = Release|Win32
		{D436555C-9E31-417C-8657-20A4752B1E26}.Release|x86.Build.0 = Release|Win32
		{CAF3B318-8D3C-490C-81D5-3BAFBD19BFB4}.Debug|Any CPU.ActiveCfg = Debug|Any CPU
		{CAF3B318-8D3C-490C-81D5-3BAFBD19BFB4}.Debug|x64.ActiveCfg = Debug|Any CPU
		{CAF3B318-8D3C-490C-81D5-3BAFBD19BFB4}.Debug|x86.ActiveCfg = Debug|Any CPU
		{CAF3B318-8D3C-490C-81D5-3BAFBD19BFB4}.Release|Any CPU.ActiveCfg = Release|Any CPU
		{CAF3B318-8D3C-490C-81D5-3BAFBD19BFB4}.Release|x64.ActiveCfg = Release|Any CPU
		{CAF3B318-8D3C-490C-81D5-3BAFBD19BFB4}.Release|x86.ActiveCfg = Release|Any CPU
	EndGlobalSection
	GlobalSection(SolutionProperties) = preSolution
		HideSolutionNode = FALSE
	EndGlobalSection
	GlobalSection(NestedProjects) = preSolution
		{F4AA956D-F639-427E-9B9C-EDC4F2268E1F} = {0E9B278D-1AFC-4AA4-82C5-7E8D0B9D5E78}
		{1407C3A2-8341-4DAB-8C66-6825E7BBB192} = {0E9B278D-1AFC-4AA4-82C5-7E8D0B9D5E78}
		{E0B90C94-9370-42DF-9DC6-D0DBD5ACD410} = {0E9B278D-1AFC-4AA4-82C5-7E8D0B9D5E78}
		{682BFBAD-73CF-47CD-AD7D-9A4D754DA28F} = {0E9B278D-1AFC-4AA4-82C5-7E8D0B9D5E78}
		{E7EDFA9A-0519-444B-839B-A871E69ECF90} = {0E9B278D-1AFC-4AA4-82C5-7E8D0B9D5E78}
		{D436555C-9E31-417C-8657-20A4752B1E26} = {0E9B278D-1AFC-4AA4-82C5-7E8D0B9D5E78}
		{CAF3B318-8D3C-490C-81D5-3BAFBD19BFB4} = {E9C09E08-E7ED-41E2-881B-A7D6A347C75E}
	EndGlobalSection
	GlobalSection(ExtensibilityGlobals) = postSolution
		SolutionGuid = {A00C3E2B-CE5F-483C-8143-8003E7306F12}
	EndGlobalSection
EndGlobal
